
Microsoft Visual Studio Solution File, Format Version 12.00
# Visual Studio 15
VisualStudioVersion = 15.0.28307.1340
MinimumVisualStudioVersion = 10.0.40219.1
Project("{FAE04EC0-301F-11D3-BF4B-00C04F79EFBC}") = "DiscordBot", "DiscordBot\DiscordBot.csproj", "{C5E2C61A-A906-4B1A-AFE3-3CF3EAA91ADB}"
EndProject
Global
	GlobalSection(SolutionConfigurationPlatforms) = preSolution
		Debug|Any CPU = Debug|Any CPU
		Release|Any CPU = Release|Any CPU
	EndGlobalSection
	GlobalSection(ProjectConfigurationPlatforms) = postSolution
		{C5E2C61A-A906-4B1A-AFE3-3CF3EAA91ADB}.Debug|Any CPU.ActiveCfg = Debug|Any CPU
		{C5E2C61A-A906-4B1A-AFE3-3CF3EAA91ADB}.Debug|Any CPU.Build.0 = Debug|Any CPU
		{C5E2C61A-A906-4B1A-AFE3-3CF3EAA91ADB}.Release|Any CPU.ActiveCfg = Release|Any CPU
		{C5E2C61A-A906-4B1A-AFE3-3CF3EAA91ADB}.Release|Any CPU.Build.0 = Release|Any CPU
	EndGlobalSection
	GlobalSection(SolutionProperties) = preSolution
		HideSolutionNode = FALSE
	EndGlobalSection
	GlobalSection(ExtensibilityGlobals) = postSolution
		SolutionGuid = {31D1D3CD-C1D1-45A9-A5A7-D2CBD84DB12D}
	EndGlobalSection
EndGlobal
